
Microsoft Visual Studio Solution File, Format Version 12.00
# Visual Studio Version 16
VisualStudioVersion = 16.0.30804.86
MinimumVisualStudioVersion = 10.0.40219.1
Project("{FAE04EC0-301F-11D3-BF4B-00C04F79EFBC}") = "Passion", "Passion\Passion.csproj", "{5A0896E9-3B05-4123-845A-F9E2CC2F2276}"
EndProject
Global
	GlobalSection(SolutionConfigurationPlatforms) = preSolution
		Debug|Any CPU = Debug|Any CPU
		Release|Any CPU = Release|Any CPU
	EndGlobalSection
	GlobalSection(ProjectConfigurationPlatforms) = postSolution
		{5A0896E9-3B05-4123-845A-F9E2CC2F2276}.Debug|Any CPU.ActiveCfg = Debug|Any CPU
		{5A0896E9-3B05-4123-845A-F9E2CC2F2276}.Debug|Any CPU.Build.0 = Debug|Any CPU
		{5A0896E9-3B05-4123-845A-F9E2CC2F2276}.Release|Any CPU.ActiveCfg = Release|Any CPU
		{5A0896E9-3B05-4123-845A-F9E2CC2F2276}.Release|Any CPU.Build.0 = Release|Any CPU
	EndGlobalSection
	GlobalSection(SolutionProperties) = preSolution
		HideSolutionNode = FALSE
	EndGlobalSection
	GlobalSection(ExtensibilityGlobals) = postSolution
		SolutionGuid = {260F59E4-C8D5-4AC5-9CEB-F13437E4D605}
	EndGlobalSection
EndGlobal
